
Microsoft Visual Studio Solution File, Format Version 12.00
# Visual Studio Version 16
VisualStudioVersion = 16.0.30002.166
MinimumVisualStudioVersion = 10.0.40219.1
Project("{FAE04EC0-301F-11D3-BF4B-00C04F79EFBC}") = "Util", "Util\Util.csproj", "{7849C05F-9F5F-40D1-9357-4E0220BAF207}"
EndProject
Global
	GlobalSection(SolutionConfigurationPlatforms) = preSolution
		Debug|Any CPU = Debug|Any CPU
		Release|Any CPU = Release|Any CPU
	EndGlobalSection
	GlobalSection(ProjectConfigurationPlatforms) = postSolution
		{7849C05F-9F5F-40D1-9357-4E0220BAF207}.Debug|Any CPU.ActiveCfg = Debug|Any CPU
		{7849C05F-9F5F-40D1-9357-4E0220BAF207}.Debug|Any CPU.Build.0 = Debug|Any CPU
		{7849C05F-9F5F-40D1-9357-4E0220BAF207}.Release|Any CPU.ActiveCfg = Release|Any CPU
		{7849C05F-9F5F-40D1-9357-4E0220BAF207}.Release|Any CPU.Build.0 = Release|Any CPU
	EndGlobalSection
	GlobalSection(SolutionProperties) = preSolution
		HideSolutionNode = FALSE
	EndGlobalSection
	GlobalSection(ExtensibilityGlobals) = postSolution
		SolutionGuid = {D89D9BFB-DE89-4298-9981-5D9AE3324BAF}
	EndGlobalSection
EndGlobal
